
Microsoft Visual Studio Solution File, Format Version 12.00
# Visual Studio Version 17
VisualStudioVersion = 17.14.36414.22 d17.14
MinimumVisualStudioVersion = 10.0.40219.1
Project("{FAE04EC0-301F-11D3-BF4B-00C04F79EFBC}") = "PowerShell.Map", "PowerShell.Map\PowerShell.Map.csproj", "{6B9D9F52-C5DD-478B-8C57-9CDF9297378C}"
EndProject
Global
	GlobalSection(SolutionConfigurationPlatforms) = preSolution
		Debug|Any CPU = Debug|Any CPU
		Release|Any CPU = Release|Any CPU
	EndGlobalSection
	GlobalSection(ProjectConfigurationPlatforms) = postSolution
		{6B9D9F52-C5DD-478B-8C57-9CDF9297378C}.Debug|Any CPU.ActiveCfg = Debug|Any CPU
		{6B9D9F52-C5DD-478B-8C57-9CDF9297378C}.Debug|Any CPU.Build.0 = Debug|Any CPU
		{6B9D9F52-C5DD-478B-8C57-9CDF9297378C}.Release|Any CPU.ActiveCfg = Release|Any CPU
		{6B9D9F52-C5DD-478B-8C57-9CDF9297378C}.Release|Any CPU.Build.0 = Release|Any CPU
	EndGlobalSection
	GlobalSection(SolutionProperties) = preSolution
		HideSolutionNode = FALSE
	EndGlobalSection
	GlobalSection(ExtensibilityGlobals) = postSolution
		SolutionGuid = {6F5FC115-A8DF-4671-B729-44F70CCB4418}
	EndGlobalSection
EndGlobal
